
Microsoft Visual Studio Solution File, Format Version 12.00
# Visual Studio Version 16
VisualStudioVersion = 16.0.30011.22
MinimumVisualStudioVersion = 10.0.40219.1
Project("{FAE04EC0-301F-11D3-BF4B-00C04F79EFBC}") = "MyProject.ExcelService.API", "MyProject.ExcelService.API\MyProject.ExcelService.API.csproj", "{FCC27A48-CA7C-4C48-8267-97FB975522CF}"
EndProject
Project("{FAE04EC0-301F-11D3-BF4B-00C04F79EFBC}") = "MyProject.ExcelService.ExcelFactory", "MyProject.ExcelService.ExcelFactory\MyProject.ExcelService.ExcelFactory.csproj", "{72AD37E9-92ED-452A-9E53-A224AD95EAEC}"
EndProject
Global
	GlobalSection(SolutionConfigurationPlatforms) = preSolution
		Debug|Any CPU = Debug|Any CPU
		Release|Any CPU = Release|Any CPU
	EndGlobalSection
	GlobalSection(ProjectConfigurationPlatforms) = postSolution
		{FCC27A48-CA7C-4C48-8267-97FB975522CF}.Debug|Any CPU.ActiveCfg = Debug|Any CPU
		{FCC27A48-CA7C-4C48-8267-97FB975522CF}.Debug|Any CPU.Build.0 = Debug|Any CPU
		{FCC27A48-CA7C-4C48-8267-97FB975522CF}.Release|Any CPU.ActiveCfg = Release|Any CPU
		{FCC27A48-CA7C-4C48-8267-97FB975522CF}.Release|Any CPU.Build.0 = Release|Any CPU
		{72AD37E9-92ED-452A-9E53-A224AD95EAEC}.Debug|Any CPU.ActiveCfg = Debug|Any CPU
		{72AD37E9-92ED-452A-9E53-A224AD95EAEC}.Debug|Any CPU.Build.0 = Debug|Any CPU
		{72AD37E9-92ED-452A-9E53-A224AD95EAEC}.Release|Any CPU.ActiveCfg = Release|Any CPU
		{72AD37E9-92ED-452A-9E53-A224AD95EAEC}.Release|Any CPU.Build.0 = Release|Any CPU
	EndGlobalSection
	GlobalSection(SolutionProperties) = preSolution
		HideSolutionNode = FALSE
	EndGlobalSection
	GlobalSection(ExtensibilityGlobals) = postSolution
		SolutionGuid = {C7088B8A-4727-4382-AD84-C399D163A85C}
	EndGlobalSection
EndGlobal
